
Microsoft Visual Studio Solution File, Format Version 12.00
# Visual Studio Version 17
VisualStudioVersion = 17.7.34009.444
MinimumVisualStudioVersion = 10.0.40219.1
Project("{2150E333-8FDC-42A3-9474-1A3956D46DE8}") = "FrontEnd", "FrontEnd", "{5749C637-2ADA-4C1A-84E0-61A2AF4F30C8}"
EndProject
Project("{2150E333-8FDC-42A3-9474-1A3956D46DE8}") = "Gateway", "Gateway", "{076EDED6-3E4C-474B-83C8-218B9C406148}"
EndProject
Project("{2150E333-8FDC-42A3-9474-1A3956D46DE8}") = "Integration", "Integration", "{96743D15-8EFA-4AD6-B98C-13B7FBEAF60B}"
EndProject
Project("{2150E333-8FDC-42A3-9474-1A3956D46DE8}") = "Services", "Services", "{406A0921-C09E-404B-9450-4349DA606174}"
EndProject
Project("{FAE04EC0-301F-11D3-BF4B-00C04F79EFBC}") = "Fakesturant.Services.CouponAPI", "Fakesturant.Services.CouponAPI\Fakesturant.Services.CouponAPI.csproj", "{67703200-25EC-4864-8455-2574209106FF}"
EndProject
Global
	GlobalSection(SolutionConfigurationPlatforms) = preSolution
		Debug|Any CPU = Debug|Any CPU
		Release|Any CPU = Release|Any CPU
	EndGlobalSection
	GlobalSection(ProjectConfigurationPlatforms) = postSolution
		{67703200-25EC-4864-8455-2574209106FF}.Debug|Any CPU.ActiveCfg = Debug|Any CPU
		{67703200-25EC-4864-8455-2574209106FF}.Debug|Any CPU.Build.0 = Debug|Any CPU
		{67703200-25EC-4864-8455-2574209106FF}.Release|Any CPU.ActiveCfg = Release|Any CPU
		{67703200-25EC-4864-8455-2574209106FF}.Release|Any CPU.Build.0 = Release|Any CPU
	EndGlobalSection
	GlobalSection(SolutionProperties) = preSolution
		HideSolutionNode = FALSE
	EndGlobalSection
	GlobalSection(NestedProjects) = preSolution
		{67703200-25EC-4864-8455-2574209106FF} = {406A0921-C09E-404B-9450-4349DA606174}
	EndGlobalSection
	GlobalSection(ExtensibilityGlobals) = postSolution
		SolutionGuid = {D5E9E0B5-BA81-4A59-848E-273964D46E3B}
	EndGlobalSection
EndGlobal
